
Microsoft Visual Studio Solution File, Format Version 12.00
# Visual Studio Version 17
VisualStudioVersion = 17.0.32112.339
MinimumVisualStudioVersion = 10.0.40219.1
Project("{8BC9CEB8-8B4A-11D0-8D11-00A0C91BC942}") = "assignment 2", "assignment 2\assignment 2.vcxproj", "{419E4E80-06C8-40BB-AC58-BE07325F8EAE}"
EndProject
Global
	GlobalSection(SolutionConfigurationPlatforms) = preSolution
		Debug|x64 = Debug|x64
		Debug|x86 = Debug|x86
		Release|x64 = Release|x64
		Release|x86 = Release|x86
	EndGlobalSection
	GlobalSection(ProjectConfigurationPlatforms) = postSolution
		{419E4E80-06C8-40BB-AC58-BE07325F8EAE}.Debug|x64.ActiveCfg = Debug|x64
		{419E4E80-06C8-40BB-AC58-BE07325F8EAE}.Debug|x64.Build.0 = Debug|x64
		{419E4E80-06C8-40BB-AC58-BE07325F8EAE}.Debug|x86.ActiveCfg = Debug|Win32
		{419E4E80-06C8-40BB-AC58-BE07325F8EAE}.Debug|x86.Build.0 = Debug|Win32
		{419E4E80-06C8-40BB-AC58-BE07325F8EAE}.Release|x64.ActiveCfg = Release|x64
		{419E4E80-06C8-40BB-AC58-BE07325F8EAE}.Release|x64.Build.0 = Release|x64
		{419E4E80-06C8-40BB-AC58-BE07325F8EAE}.Release|x86.ActiveCfg = Release|Win32
		{419E4E80-06C8-40BB-AC58-BE07325F8EAE}.Release|x86.Build.0 = Release|Win32
	EndGlobalSection
	GlobalSection(SolutionProperties) = preSolution
		HideSolutionNode = FALSE
	EndGlobalSection
	GlobalSection(ExtensibilityGlobals) = postSolution
		SolutionGuid = {2144B6C3-E2E6-4763-A894-8F4081EB1F03}
	EndGlobalSection
EndGlobal
